<?xml version="1.0" encoding="utf-8"?>
<Project ToolsVersion="4.0" xmlns="http://schemas.microsoft.com/developer/msbuild/2003">
  <ItemGroup>
    <Filter Include="ソース ファイル">
      <UniqueIdentifier>{4FC737F1-C7A5-4376-A066-2A32D752A2FF}</UniqueIdentifier>
      <Extensions>cpp;c;cc;cxx;c++;cppm;ixx;def;odl;idl;hpj;bat;asm;asmx</Extensions>
    </Filter>
    <Filter Include="ヘッダー ファイル">
      <UniqueIdentifier>{93995380-89BD-4b04-88EB-625FBE52EBFB}</UniqueIdentifier>
      <Extensions>h;hh;hpp;hxx;h++;hm;inl;inc;ipp;xsd</Extensions>
    </Filter>
    <Filter Include="リソース ファイル">
      <UniqueIdentifier>{67DA6AB6-F800-4c08-8B7A-83BB121AAD01}</UniqueIdentifier>
      <Extensions>rc;ico;cur;bmp;dlg;rc2;rct;bin;rgs;gif;jpg;jpeg;jpe;resx;tiff;tif;png;wav;mfcribbon-ms</Extensions>
    </Filter>
    <Filter Include="ソース ファイル\engine">
      <UniqueIdentifier>{e5bb12bd-eb6c-4539-8614-50e10be7f71c}</UniqueIdentifier>
    </Filter>
    <Filter Include="ソース ファイル\engine\2d">
      <UniqueIdentifier>{87dbf081-2f7b-4eab-8c81-08ea214b5ba0}</UniqueIdentifier>
    </Filter>
    <Filter Include="ソース ファイル\engine\3d">
      <UniqueIdentifier>{e4f54486-87d7-4c08-acbf-10af73162a20}</UniqueIdentifier>
    </Filter>
    <Filter Include="ソース ファイル\engine\audio">
      <UniqueIdentifier>{c5faab06-77d5-44a2-a700-36b635bf587a}</UniqueIdentifier>
    </Filter>
    <Filter Include="ソース ファイル\engine\io">
      <UniqueIdentifier>{849c0a72-3185-4493-85f4-cbfc3ab982a5}</UniqueIdentifier>
    </Filter>
    <Filter Include="ソース ファイル\engine\math">
      <UniqueIdentifier>{148871ea-cfec-4a44-ad07-e82a90916544}</UniqueIdentifier>
    </Filter>
    <Filter Include="ソース ファイル\engine\scene">
      <UniqueIdentifier>{d700f57f-629f-4663-b0c5-9fed45d48a34}</UniqueIdentifier>
    </Filter>
    <Filter Include="ソース ファイル\engine\base">
      <UniqueIdentifier>{184d90e8-56f6-4da2-a158-9577d0e8c868}</UniqueIdentifier>
    </Filter>
    <Filter Include="ヘッダー ファイル\engine">
      <UniqueIdentifier>{737dfbbb-a9b0-492a-8809-350bd6bd331b}</UniqueIdentifier>
    </Filter>
    <Filter Include="ヘッダー ファイル\engine\2d">
      <UniqueIdentifier>{2eee3025-5ed7-4f2f-a553-663f32452e5e}</UniqueIdentifier>
    </Filter>
    <Filter Include="ヘッダー ファイル\engine\3d">
      <UniqueIdentifier>{f57245cc-06c0-4856-9025-f7310549b45f}</UniqueIdentifier>
    </Filter>
    <Filter Include="ヘッダー ファイル\engine\audio">
      <UniqueIdentifier>{db8600b6-b9d4-46b5-ba34-247bbbbfc1c0}</UniqueIdentifier>
    </Filter>
    <Filter Include="ヘッダー ファイル\engine\io">
      <UniqueIdentifier>{f1c4ee9f-6e8e-430d-a0ca-7a684e31282c}</UniqueIdentifier>
    </Filter>
    <Filter Include="ヘッダー ファイル\engine\base">
      <UniqueIdentifier>{4fdfa224-e6d7-4d32-a12f-d6becbb084ad}</UniqueIdentifier>
    </Filter>
    <Filter Include="ヘッダー ファイル\engine\scene">
      <UniqueIdentifier>{960523b3-dc50-4e8f-86ea-9fcec9aaa013}</UniqueIdentifier>
    </Filter>
    <Filter Include="ヘッダー ファイル\engine\math">
      <UniqueIdentifier>{28340a47-7d72-4339-9ddf-7feeea023b28}</UniqueIdentifier>
    </Filter>
    <Filter Include="ソース ファイル\application">
      <UniqueIdentifier>{e2eeeae6-7bff-48ec-904c-1bb0da6123a8}</UniqueIdentifier>
    </Filter>
    <Filter Include="ヘッダー ファイル\application">
      <UniqueIdentifier>{8879c179-8943-4fc5-a19e-f0b38a474781}</UniqueIdentifier>
    </Filter>
  </ItemGroup>
  <ItemGroup>
    <ClCompile Include="main.cpp">
      <Filter>ソース ファイル</Filter>
    </ClCompile>
    <ClCompile Include="engine\2d\Sprite.cpp">
      <Filter>ソース ファイル\engine\2d</Filter>
    </ClCompile>
    <ClCompile Include="engine\2d\SpriteCommon.cpp">
      <Filter>ソース ファイル\engine\2d</Filter>
    </ClCompile>
    <ClCompile Include="engine\base\DirectXCommon.cpp">
      <Filter>ソース ファイル\engine\base</Filter>
    </ClCompile>
    <ClCompile Include="engine\base\D3DResourceLeakChecker.cpp">
      <Filter>ソース ファイル\engine\base</Filter>
    </ClCompile>
    <ClCompile Include="engine\io\Input.cpp">
      <Filter>ソース ファイル\engine\io</Filter>
    </ClCompile>
    <ClCompile Include="engine\base\Logger.cpp">
      <Filter>ソース ファイル\engine\base</Filter>
    </ClCompile>
    <ClCompile Include="engine\base\StringUtility.cpp">
      <Filter>ソース ファイル\engine\base</Filter>
    </ClCompile>
    <ClCompile Include="engine\base\WinApp.cpp">
      <Filter>ソース ファイル\engine\base</Filter>
    </ClCompile>
    <ClCompile Include="engine\math\MatrixVector.cpp">
      <Filter>ソース ファイル\engine\math</Filter>
    </ClCompile>
    <ClCompile Include="engine\2d\TextureManager.cpp">
      <Filter>ソース ファイル\engine\2d</Filter>
    </ClCompile>
    <ClCompile Include="engine\3d\Object3d.cpp">
      <Filter>ソース ファイル\engine\3d</Filter>
    </ClCompile>
    <ClCompile Include="engine\3d\Object3dCommon.cpp">
      <Filter>ソース ファイル\engine\3d</Filter>
    </ClCompile>
    <ClCompile Include="engine\3d\ModelCommon.cpp">
      <Filter>ソース ファイル\engine\3d</Filter>
    </ClCompile>
    <ClCompile Include="engine\3d\Model.cpp">
      <Filter>ソース ファイル\engine\3d</Filter>
    </ClCompile>
    <ClCompile Include="engine\3d\ModelManager.cpp">
      <Filter>ソース ファイル\engine\3d</Filter>
    </ClCompile>
    <ClCompile Include="engine\base\Camera.cpp">
      <Filter>ソース ファイル\engine\base</Filter>
    </ClCompile>
    <ClCompile Include="engine\base\SrvManager.cpp">
      <Filter>ソース ファイル\engine\base</Filter>
    </ClCompile>
    <ClCompile Include="engine\base\ImGuiManager.cpp">
      <Filter>ソース ファイル\engine\base</Filter>
    </ClCompile>
    <ClCompile Include="engine\audio\SoundLoader.cpp">
      <Filter>ソース ファイル\engine\audio</Filter>
    </ClCompile>
    <ClCompile Include="engine\audio\SoundPlayer.cpp">
      <Filter>ソース ファイル\engine\audio</Filter>
    </ClCompile>
    <ClCompile Include="engine\scene\MyGame.cpp">
      <Filter>ソース ファイル\engine\scene</Filter>
    </ClCompile>
    <ClCompile Include="engine\base\Framework.cpp">
      <Filter>ソース ファイル\engine\base</Filter>
    </ClCompile>
    <ClCompile Include="engine\scene\GamePlayScene.cpp">
      <Filter>ソース ファイル\engine\scene</Filter>
    </ClCompile>
    <ClCompile Include="engine\scene\BaseScene.cpp">
      <Filter>ソース ファイル\engine\scene</Filter>
    </ClCompile>
    <ClCompile Include="engine\scene\TitleScene.cpp">
      <Filter>ソース ファイル\engine\scene</Filter>
    </ClCompile>
    <ClCompile Include="engine\scene\SceneManager.cpp">
      <Filter>ソース ファイル\engine\scene</Filter>
    </ClCompile>
    <ClCompile Include="engine\scene\SceneFactory.cpp">
      <Filter>ソース ファイル\engine\scene</Filter>
    </ClCompile>
    <ClCompile Include="engine\3d\ParticleCommon.cpp">
      <Filter>ソース ファイル\engine\3d</Filter>
    </ClCompile>
    <ClCompile Include="engine\3d\ParticleManager.cpp">
      <Filter>ソース ファイル\engine\3d</Filter>
    </ClCompile>
    <ClCompile Include="engine\3d\ParticleEmitter.cpp">
      <Filter>ソース ファイル\engine\3d</Filter>
    </ClCompile>
  </ItemGroup>
  <ItemGroup>
    <ClInclude Include="engine\2d\Sprite.h">
      <Filter>ヘッダー ファイル\engine\2d</Filter>
    </ClInclude>
    <ClInclude Include="engine\2d\SpriteCommon.h">
      <Filter>ヘッダー ファイル\engine\2d</Filter>
    </ClInclude>
    <ClInclude Include="engine\io\Input.h">
      <Filter>ヘッダー ファイル\engine\io</Filter>
    </ClInclude>
    <ClInclude Include="engine\base\D3DResourceLeakChecker.h">
      <Filter>ヘッダー ファイル\engine\base</Filter>
    </ClInclude>
    <ClInclude Include="engine\base\DirectXCommon.h">
      <Filter>ヘッダー ファイル\engine\base</Filter>
    </ClInclude>
    <ClInclude Include="engine\base\Logger.h">
      <Filter>ヘッダー ファイル\engine\base</Filter>
    </ClInclude>
    <ClInclude Include="engine\base\StringUtility.h">
      <Filter>ヘッダー ファイル\engine\base</Filter>
    </ClInclude>
    <ClInclude Include="engine\base\ResourceObject.h">
      <Filter>ヘッダー ファイル\engine\base</Filter>
    </ClInclude>
    <ClInclude Include="engine\math\Vector2.h">
      <Filter>ヘッダー ファイル\engine\math</Filter>
    </ClInclude>
    <ClInclude Include="engine\math\Vector3.h">
      <Filter>ヘッダー ファイル\engine\math</Filter>
    </ClInclude>
    <ClInclude Include="engine\math\Vector4.h">
      <Filter>ヘッダー ファイル\engine\math</Filter>
    </ClInclude>
    <ClInclude Include="engine\math\MatrixVector.h">
      <Filter>ヘッダー ファイル\engine\math</Filter>
    </ClInclude>
    <ClInclude Include="engine\base\WinApp.h">
      <Filter>ヘッダー ファイル\engine\base</Filter>
    </ClInclude>
    <ClInclude Include="engine\math\Matrix4x4.h">
      <Filter>ヘッダー ファイル\engine\math</Filter>
    </ClInclude>
    <ClInclude Include="engine\math\Matrix3x3.h">
      <Filter>ヘッダー ファイル\engine\math</Filter>
    </ClInclude>
    <ClInclude Include="engine\math\Transform.h">
      <Filter>ヘッダー ファイル\engine\math</Filter>
    </ClInclude>
    <ClInclude Include="engine\2d\TextureManager.h">
      <Filter>ヘッダー ファイル\engine\2d</Filter>
    </ClInclude>
    <ClInclude Include="engine\3d\Object3d.h">
      <Filter>ヘッダー ファイル\engine\3d</Filter>
    </ClInclude>
    <ClInclude Include="engine\3d\Object3dCommon.h">
      <Filter>ヘッダー ファイル\engine\3d</Filter>
    </ClInclude>
    <ClInclude Include="engine\3d\Model.h">
      <Filter>ヘッダー ファイル\engine\3d</Filter>
    </ClInclude>
    <ClInclude Include="engine\3d\ModelCommon.h">
      <Filter>ヘッダー ファイル\engine\3d</Filter>
    </ClInclude>
    <ClInclude Include="engine\3d\ModelManager.h">
      <Filter>ヘッダー ファイル\engine\3d</Filter>
    </ClInclude>
    <ClInclude Include="engine\base\SrvManager.h">
      <Filter>ヘッダー ファイル\engine\base</Filter>
    </ClInclude>
    <ClInclude Include="engine\base\ImGuiManager.h">
      <Filter>ヘッダー ファイル\engine\base</Filter>
    </ClInclude>
    <ClInclude Include="engine\base\Camera.h">
      <Filter>ヘッダー ファイル\engine\base</Filter>
    </ClInclude>
    <ClInclude Include="engine\audio\SoundLoader.h">
      <Filter>ヘッダー ファイル\engine\audio</Filter>
    </ClInclude>
    <ClInclude Include="engine\audio\SoundPlayer.h">
      <Filter>ヘッダー ファイル\engine\audio</Filter>
    </ClInclude>
    <ClInclude Include="engine\scene\MyGame.h">
      <Filter>ヘッダー ファイル\engine\scene</Filter>
    </ClInclude>
    <ClInclude Include="engine\base\Framework.h">
      <Filter>ヘッダー ファイル\engine\base</Filter>
    </ClInclude>
    <ClInclude Include="engine\scene\GamePlayScene.h">
      <Filter>ヘッダー ファイル\engine\scene</Filter>
    </ClInclude>
    <ClInclude Include="engine\scene\BaseScene.h">
      <Filter>ヘッダー ファイル\engine\scene</Filter>
    </ClInclude>
    <ClInclude Include="engine\scene\TitleScene.h">
      <Filter>ヘッダー ファイル\engine\scene</Filter>
    </ClInclude>
    <ClInclude Include="engine\scene\SceneManager.h">
      <Filter>ヘッダー ファイル\engine\scene</Filter>
    </ClInclude>
    <ClInclude Include="engine\scene\SceneFactory.h">
      <Filter>ヘッダー ファイル\engine\scene</Filter>
    </ClInclude>
    <ClInclude Include="engine\scene\AbstractSceneFactory.h">
      <Filter>ヘッダー ファイル\engine\scene</Filter>
    </ClInclude>
    <ClInclude Include="engine\3d\ParticleCommon.h">
      <Filter>ヘッダー ファイル\engine\3d</Filter>
    </ClInclude>
    <ClInclude Include="engine\3d\ParticleManager.h">
      <Filter>ヘッダー ファイル\engine\3d</Filter>
    </ClInclude>
    <ClInclude Include="engine\3d\ParticleEmitter.h">
      <Filter>ヘッダー ファイル\engine\3d</Filter>
    </ClInclude>
  </ItemGroup>
  <ItemGroup>
    <None Include="Resources\shaders\Object3d.hlsli" />
    <None Include="Resources\shaders\Sprite.hlsli" />
    <None Include="Resources\shaders\Particle.hlsli" />
  </ItemGroup>
  <ItemGroup>
    <FxCompile Include="Resources\shaders\Object3d.PS.hlsl" />
    <FxCompile Include="Resources\shaders\Object3d.VS.hlsl" />
    <FxCompile Include="Resources\shaders\Sprite.PS.hlsl" />
    <FxCompile Include="Resources\shaders\Sprite.VS.hlsl" />
    <FxCompile Include="Resources\shaders\Particle.PS.hlsl" />
    <FxCompile Include="Resources\shaders\Particle.VS.hlsl" />
  </ItemGroup>
</Project>