<?xml version="1.0" encoding="utf-8"?>
<Project ToolsVersion="4.0" xmlns="http://schemas.microsoft.com/developer/msbuild/2003">
  <ItemGroup>
    <FxCompile Include="Resources\shaders\Sprite.VS.hlsl">
      <Filter>リソース ファイル\shaders</Filter>
    </FxCompile>
    <FxCompile Include="Resources\shaders\Object3d.VS.hlsl">
      <Filter>リソース ファイル\shaders</Filter>
    </FxCompile>
    <FxCompile Include="Resources\shaders\Object3d.PS.hlsl">
      <Filter>リソース ファイル\shaders</Filter>
    </FxCompile>
    <FxCompile Include="Resources\shaders\Particle.PS.hlsl">
      <Filter>リソース ファイル\shaders</Filter>
    </FxCompile>
    <FxCompile Include="Resources\shaders\Particle.VS.hlsl">
      <Filter>リソース ファイル\shaders</Filter>
    </FxCompile>
    <FxCompile Include="Resources\shaders\Sprite.PS.hlsl">
      <Filter>リソース ファイル\shaders</Filter>
    </FxCompile>
  </ItemGroup>
  <ItemGroup>
    <ClCompile Include="main.cpp">
      <Filter>ソースファイル\engine</Filter>
    </ClCompile>
    <ClCompile Include="engine\3d\Model.cpp">
      <Filter>ソースファイル\engine\3d</Filter>
    </ClCompile>
    <ClCompile Include="engine\3d\ModelCommon.cpp">
      <Filter>ソースファイル\engine\3d</Filter>
    </ClCompile>
    <ClCompile Include="engine\base\Camera.cpp">
      <Filter>ソースファイル\engine\base</Filter>
    </ClCompile>
    <ClCompile Include="engine\base\D3DResourceLeakChecker.cpp">
      <Filter>ソースファイル\engine\base</Filter>
    </ClCompile>
    <ClCompile Include="engine\base\DirectXCommon.cpp">
      <Filter>ソースファイル\engine\base</Filter>
    </ClCompile>
    <ClCompile Include="engine\base\Framework.cpp">
      <Filter>ソースファイル\engine\base</Filter>
    </ClCompile>
    <ClCompile Include="engine\base\ImGuiManager.cpp">
      <Filter>ソースファイル\engine\base</Filter>
    </ClCompile>
    <ClCompile Include="engine\base\Logger.cpp">
      <Filter>ソースファイル\engine\base</Filter>
    </ClCompile>
    <ClCompile Include="engine\io\Input.cpp">
      <Filter>ソースファイル\engine\base</Filter>
    </ClCompile>
    <ClCompile Include="engine\scene\BaseScene.cpp">
      <Filter>ソースファイル\engine\scene</Filter>
    </ClCompile>
    <ClCompile Include="engine\math\MatrixVector.cpp">
      <Filter>ソースファイル\engine\math</Filter>
    </ClCompile>
    <ClCompile Include="engine\scene\GamePlayScene.cpp">
      <Filter>ソースファイル\engine\scene</Filter>
    </ClCompile>
    <ClCompile Include="engine\3d\ModelManager.cpp">
      <Filter>ソースファイル\engine\3d</Filter>
    </ClCompile>
    <ClCompile Include="engine\scene\MyGame.cpp">
      <Filter>ソースファイル\engine\scene</Filter>
    </ClCompile>
    <ClCompile Include="engine\3d\Object3d.cpp">
      <Filter>ソースファイル\engine\3d</Filter>
    </ClCompile>
    <ClCompile Include="engine\3d\Object3dCommon.cpp">
      <Filter>ソースファイル\engine\3d</Filter>
    </ClCompile>
    <ClCompile Include="engine\scene\SceneFactory.cpp">
      <Filter>ソースファイル\engine\scene</Filter>
    </ClCompile>
    <ClCompile Include="engine\scene\SceneManager.cpp">
      <Filter>ソースファイル\engine\scene</Filter>
    </ClCompile>
    <ClCompile Include="engine\audio\SoundLoader.cpp">
      <Filter>ソースファイル\engine\io</Filter>
    </ClCompile>
    <ClCompile Include="engine\audio\SoundPlayer.cpp">
      <Filter>ソースファイル\engine\io</Filter>
    </ClCompile>
    <ClCompile Include="engine\2d\Sprite.cpp">
      <Filter>ソースファイル\engine\2d</Filter>
    </ClCompile>
    <ClCompile Include="engine\2d\SpriteCommon.cpp">
      <Filter>ソースファイル\engine\2d</Filter>
    </ClCompile>
    <ClCompile Include="engine\2d\TextureManager.cpp">
      <Filter>ソースファイル\engine\2d</Filter>
    </ClCompile>
    <ClCompile Include="engine\base\SrvManager.cpp">
      <Filter>ソースファイル\engine\base</Filter>
    </ClCompile>
    <ClCompile Include="engine\base\StringUtility.cpp">
      <Filter>ソースファイル\engine\base</Filter>
    </ClCompile>
    <ClCompile Include="engine\scene\TitleScene.cpp">
      <Filter>ソースファイル\engine\scene</Filter>
    </ClCompile>
    <ClCompile Include="engine\base\WinApp.cpp">
      <Filter>ソースファイル\engine\base</Filter>
    </ClCompile>
    <ClCompile Include="engine\3d\Particle\ParticleModel.cpp">
      <Filter>ソースファイル\engine\3d\particle</Filter>
    </ClCompile>
    <ClCompile Include="engine\3d\Particle\ParticleCommon.cpp">
      <Filter>ソースファイル\engine\3d\particle</Filter>
    </ClCompile>
    <ClCompile Include="engine\3d\Particle\ParticleEmitter.cpp">
      <Filter>ソースファイル\engine\3d\particle</Filter>
    </ClCompile>
    <ClCompile Include="engine\3d\Particle\ParticleManager.cpp">
      <Filter>ソースファイル\engine\3d\particle</Filter>
    </ClCompile>
    <ClCompile Include="engine\math\PrimitiveGenerator.cpp">
      <Filter>ソースファイル\engine\math</Filter>
    </ClCompile>
    <ClCompile Include="CameraManager.cpp" />
    <ClCompile Include="Player.cpp" />
    <ClCompile Include="Enemy.cpp" />
  </ItemGroup>
  <ItemGroup>
    <ClInclude Include="engine\scene\AbstractSceneFactory.h">
      <Filter>ヘッダーファイル\engine\scene</Filter>
    </ClInclude>
    <ClInclude Include="engine\scene\BaseScene.h">
      <Filter>ヘッダーファイル\engine\scene</Filter>
    </ClInclude>
    <ClInclude Include="engine\base\Camera.h">
      <Filter>ヘッダーファイル\engine\base</Filter>
    </ClInclude>
    <ClInclude Include="engine\base\D3DResourceLeakChecker.h">
      <Filter>ヘッダーファイル\engine\base</Filter>
    </ClInclude>
    <ClInclude Include="engine\base\DirectXCommon.h">
      <Filter>ヘッダーファイル\engine\base</Filter>
    </ClInclude>
    <ClInclude Include="engine\base\Framework.h">
      <Filter>ヘッダーファイル\engine\base</Filter>
    </ClInclude>
    <ClInclude Include="engine\scene\GamePlayScene.h">
      <Filter>ヘッダーファイル\engine\scene</Filter>
    </ClInclude>
    <ClInclude Include="engine\base\ImGuiManager.h">
      <Filter>ヘッダーファイル\engine\base</Filter>
    </ClInclude>
    <ClInclude Include="engine\io\Input.h">
      <Filter>ヘッダーファイル\engine\base</Filter>
    </ClInclude>
    <ClInclude Include="engine\base\Logger.h">
      <Filter>ヘッダーファイル\engine\base</Filter>
    </ClInclude>
    <ClInclude Include="engine\math\Matrix4x4.h">
      <Filter>ヘッダーファイル\engine\math</Filter>
    </ClInclude>
    <ClInclude Include="engine\math\Matrix3x3.h">
      <Filter>ヘッダーファイル\engine\math</Filter>
    </ClInclude>
    <ClInclude Include="engine\math\MatrixVector.h">
      <Filter>ヘッダーファイル\engine\math</Filter>
    </ClInclude>
    <ClInclude Include="engine\3d\Model.h">
      <Filter>ヘッダーファイル\engine\3d</Filter>
    </ClInclude>
    <ClInclude Include="engine\3d\ModelCommon.h">
      <Filter>ヘッダーファイル\engine\3d</Filter>
    </ClInclude>
    <ClInclude Include="engine\3d\ModelManager.h">
      <Filter>ヘッダーファイル\engine\3d</Filter>
    </ClInclude>
    <ClInclude Include="engine\3d\Object3dCommon.h">
      <Filter>ヘッダーファイル\engine\3d</Filter>
    </ClInclude>
    <ClInclude Include="engine\base\ResourceObject.h">
      <Filter>ヘッダーファイル\engine\base</Filter>
    </ClInclude>
    <ClInclude Include="engine\scene\SceneFactory.h">
      <Filter>ヘッダーファイル\engine\scene</Filter>
    </ClInclude>
    <ClInclude Include="engine\scene\MyGame.h">
      <Filter>ヘッダーファイル\engine\scene</Filter>
    </ClInclude>
    <ClInclude Include="engine\3d\Object3d.h">
      <Filter>ヘッダーファイル\engine\3d</Filter>
    </ClInclude>
    <ClInclude Include="engine\scene\SceneManager.h">
      <Filter>ヘッダーファイル\engine\scene</Filter>
    </ClInclude>
    <ClInclude Include="engine\audio\SoundLoader.h">
      <Filter>ヘッダーファイル\engine\io</Filter>
    </ClInclude>
    <ClInclude Include="engine\audio\SoundPlayer.h">
      <Filter>ヘッダーファイル\engine\io</Filter>
    </ClInclude>
    <ClInclude Include="engine\2d\Sprite.h">
      <Filter>ヘッダーファイル\engine\2d</Filter>
    </ClInclude>
    <ClInclude Include="engine\2d\SpriteCommon.h">
      <Filter>ヘッダーファイル\engine\2d</Filter>
    </ClInclude>
    <ClInclude Include="engine\base\SrvManager.h">
      <Filter>ヘッダーファイル\engine\base</Filter>
    </ClInclude>
    <ClInclude Include="engine\base\StringUtility.h">
      <Filter>ヘッダーファイル\engine\base</Filter>
    </ClInclude>
    <ClInclude Include="engine\2d\TextureManager.h">
      <Filter>ヘッダーファイル\engine\2d</Filter>
    </ClInclude>
    <ClInclude Include="engine\scene\TitleScene.h">
      <Filter>ヘッダーファイル\engine\scene</Filter>
    </ClInclude>
    <ClInclude Include="engine\math\Vector2.h">
      <Filter>ヘッダーファイル\engine\math</Filter>
    </ClInclude>
    <ClInclude Include="engine\math\Transform.h">
      <Filter>ヘッダーファイル\engine\math</Filter>
    </ClInclude>
    <ClInclude Include="engine\math\Vector3.h">
      <Filter>ヘッダーファイル\engine\math</Filter>
    </ClInclude>
    <ClInclude Include="engine\math\Vector4.h">
      <Filter>ヘッダーファイル\engine\math</Filter>
    </ClInclude>
    <ClInclude Include="engine\base\WinApp.h">
      <Filter>ヘッダーファイル\engine\math</Filter>
    </ClInclude>
    <ClInclude Include="engine\3d\Particle\ParticleModel.h">
      <Filter>ソースファイル\engine\3d\particle</Filter>
    </ClInclude>
    <ClInclude Include="engine\3d\Particle\ParticleEmitter.h">
      <Filter>ソースファイル\engine\3d\particle</Filter>
    </ClInclude>
    <ClInclude Include="engine\3d\Particle\ParticleCommon.h">
      <Filter>ソースファイル\engine\3d\particle</Filter>
    </ClInclude>
    <ClInclude Include="engine\3d\Particle\ParticleManager.h">
      <Filter>ソースファイル\engine\3d\particle</Filter>
    </ClInclude>
    <ClInclude Include="engine\math\Material.h">
      <Filter>ヘッダーファイル\engine\math</Filter>
    </ClInclude>
    <ClInclude Include="engine\math\MaterialDate.h">
      <Filter>ヘッダーファイル\engine\math</Filter>
    </ClInclude>
    <ClInclude Include="engine\math\ModelDate.h">
      <Filter>ヘッダーファイル\engine\math</Filter>
    </ClInclude>
    <ClInclude Include="engine\math\PrimitiveGenerator.h">
      <Filter>ヘッダーファイル\engine\math</Filter>
    </ClInclude>
    <ClInclude Include="engine\math\Vertex.h">
      <Filter>ヘッダーファイル\engine\math</Filter>
    </ClInclude>
    <ClInclude Include="json.hpp" />
    <ClInclude Include="CameraManager.h" />
    <ClInclude Include="Player.h" />
    <ClInclude Include="Enemy.h" />
  </ItemGroup>
  <ItemGroup>
    <None Include="Resources\shaders\Object3d.hlsli">
      <Filter>リソース ファイル\shaders</Filter>
    </None>
    <None Include="Resources\shaders\Particle.hlsli">
      <Filter>リソース ファイル\shaders</Filter>
    </None>
    <None Include="Resources\shaders\Sprite.hlsli">
      <Filter>リソース ファイル\shaders</Filter>
    </None>
  </ItemGroup>
  <ItemGroup>
    <Filter Include="リソース ファイル">
      <UniqueIdentifier>{9cf2b3d6-a058-4a3e-b4e4-757d7fbfd054}</UniqueIdentifier>
    </Filter>
    <Filter Include="ソースファイル">
      <UniqueIdentifier>{31b123b3-4e3f-4b40-9224-294eedac29ed}</UniqueIdentifier>
    </Filter>
    <Filter Include="ソースファイル\application">
      <UniqueIdentifier>{e0c4aa78-a65a-4e05-876d-7b90f9108074}</UniqueIdentifier>
    </Filter>
    <Filter Include="ヘッダーファイル">
      <UniqueIdentifier>{d3b53041-814c-48e9-9b33-a21369ba289b}</UniqueIdentifier>
    </Filter>
    <Filter Include="ヘッダーファイル\application">
      <UniqueIdentifier>{dbacf151-1a78-4945-b8dc-fca79c49e55d}</UniqueIdentifier>
    </Filter>
    <Filter Include="ヘッダーファイル\engine">
      <UniqueIdentifier>{f2275353-053d-409f-a1c1-6744f38d2b5e}</UniqueIdentifier>
    </Filter>
    <Filter Include="ヘッダーファイル\engine\2d">
      <UniqueIdentifier>{e0b74cd0-fc8d-4644-817b-134edd4d799c}</UniqueIdentifier>
    </Filter>
    <Filter Include="ヘッダーファイル\engine\3d">
      <UniqueIdentifier>{5c645dc1-9547-4a54-9d85-c8bb1dd5a726}</UniqueIdentifier>
    </Filter>
    <Filter Include="ヘッダーファイル\engine\audio">
      <UniqueIdentifier>{85a48c99-47dc-4aee-9566-5b5234bbd072}</UniqueIdentifier>
    </Filter>
    <Filter Include="ヘッダーファイル\engine\base">
      <UniqueIdentifier>{8dcb6ac5-1b61-46ad-a7c4-152eeec7182f}</UniqueIdentifier>
    </Filter>
    <Filter Include="ヘッダーファイル\engine\io">
      <UniqueIdentifier>{ed24e582-4836-4d91-8d0a-6bc3589e6152}</UniqueIdentifier>
    </Filter>
    <Filter Include="ヘッダーファイル\engine\math">
      <UniqueIdentifier>{4bc3dcbb-f75e-4ae9-8f12-f9313dd4826b}</UniqueIdentifier>
    </Filter>
    <Filter Include="ヘッダーファイル\engine\scene">
      <UniqueIdentifier>{3afce8c8-14b6-4e59-ba84-86f68cb64f18}</UniqueIdentifier>
    </Filter>
    <Filter Include="リソース ファイル\shaders">
      <UniqueIdentifier>{ecc91723-db44-4d90-9e95-0f4e58f71b24}</UniqueIdentifier>
    </Filter>
    <Filter Include="ソースファイル\engine">
      <UniqueIdentifier>{0a9350ac-fbb6-45a4-b94f-4196c66b28b5}</UniqueIdentifier>
    </Filter>
    <Filter Include="ソースファイル\engine\2d">
      <UniqueIdentifier>{b6c439ae-a4a9-4de5-b336-4578a07fb71e}</UniqueIdentifier>
    </Filter>
    <Filter Include="ソースファイル\engine\3d">
      <UniqueIdentifier>{278489c0-1bd6-4748-b525-b5865b309120}</UniqueIdentifier>
    </Filter>
    <Filter Include="ソースファイル\engine\audio">
      <UniqueIdentifier>{d9435eca-e90c-40d7-ad68-3f586064dfd0}</UniqueIdentifier>
    </Filter>
    <Filter Include="ソースファイル\engine\base">
      <UniqueIdentifier>{31f112b2-01ed-4df3-8d84-06221609c20c}</UniqueIdentifier>
    </Filter>
    <Filter Include="ソースファイル\engine\scene">
      <UniqueIdentifier>{a027de6e-fe12-4b33-adb4-b36711140067}</UniqueIdentifier>
    </Filter>
    <Filter Include="ソースファイル\engine\io">
      <UniqueIdentifier>{bc71b61e-e366-44d0-9220-05df2ea11b25}</UniqueIdentifier>
    </Filter>
    <Filter Include="ソースファイル\engine\math">
      <UniqueIdentifier>{fece5090-3523-48fa-8913-5fd562439285}</UniqueIdentifier>
    </Filter>
    <Filter Include="ソースファイル\engine\3d\particle">
      <UniqueIdentifier>{4370b318-81cc-4483-affd-5f7615389bee}</UniqueIdentifier>
    </Filter>
    <Filter Include="ソースファイル\application\Player">
      <UniqueIdentifier>{b0328aa2-78dc-4137-9637-f0afeffd7410}</UniqueIdentifier>
    </Filter>
    <Filter Include="ヘッダーファイル\application\Player">
      <UniqueIdentifier>{87e59460-8b3d-49aa-8efb-a3fadc35f9d5}</UniqueIdentifier>
    </Filter>
  </ItemGroup>
</Project>